
Microsoft Visual Studio Solution File, Format Version 12.00
# Visual Studio Version 17
VisualStudioVersion = 17.7.34221.43
MinimumVisualStudioVersion = 10.0.40219.1
Project("{FAE04EC0-301F-11D3-BF4B-00C04F79EFBC}") = "TrackerLibrary", "TrackerLibrary\TrackerLibrary.csproj", "{995A730D-3822-47E9-BBC5-493CA55610E2}"
EndProject
Global
	GlobalSection(SolutionConfigurationPlatforms) = preSolution
		Debug|Any CPU = Debug|Any CPU
		Release|Any CPU = Release|Any CPU
	EndGlobalSection
	GlobalSection(ProjectConfigurationPlatforms) = postSolution
		{995A730D-3822-47E9-BBC5-493CA55610E2}.Debug|Any CPU.ActiveCfg = Debug|Any CPU
		{995A730D-3822-47E9-BBC5-493CA55610E2}.Debug|Any CPU.Build.0 = Debug|Any CPU
		{995A730D-3822-47E9-BBC5-493CA55610E2}.Release|Any CPU.ActiveCfg = Release|Any CPU
		{995A730D-3822-47E9-BBC5-493CA55610E2}.Release|Any CPU.Build.0 = Release|Any CPU
	EndGlobalSection
	GlobalSection(SolutionProperties) = preSolution
		HideSolutionNode = FALSE
	EndGlobalSection
	GlobalSection(ExtensibilityGlobals) = postSolution
		SolutionGuid = {7EC873D0-2A6A-41AD-81B4-6BFC47E856BC}
	EndGlobalSection
EndGlobal
